
Microsoft Visual Studio Solution File, Format Version 12.00
# Visual Studio Version 17
VisualStudioVersion = 17.11.35208.52
MinimumVisualStudioVersion = 10.0.40219.1
Project("{FAE04EC0-301F-11D3-BF4B-00C04F79EFBC}") = "Laboratorio7", "Laboratorio7\Laboratorio7.csproj", "{37DA7D0D-381A-4B08-87E0-310B34016446}"
EndProject
Project("{FAE04EC0-301F-11D3-BF4B-00C04F79EFBC}") = "Laboratorio72", "Laboratorio72\Laboratorio72.csproj", "{13448289-2CA2-444B-872D-C584FD510EE0}"
EndProject
Global
	GlobalSection(SolutionConfigurationPlatforms) = preSolution
		Debug|Any CPU = Debug|Any CPU
		Release|Any CPU = Release|Any CPU
	EndGlobalSection
	GlobalSection(ProjectConfigurationPlatforms) = postSolution
		{37DA7D0D-381A-4B08-87E0-310B34016446}.Debug|Any CPU.ActiveCfg = Debug|Any CPU
		{37DA7D0D-381A-4B08-87E0-310B34016446}.Debug|Any CPU.Build.0 = Debug|Any CPU
		{37DA7D0D-381A-4B08-87E0-310B34016446}.Release|Any CPU.ActiveCfg = Release|Any CPU
		{37DA7D0D-381A-4B08-87E0-310B34016446}.Release|Any CPU.Build.0 = Release|Any CPU
		{13448289-2CA2-444B-872D-C584FD510EE0}.Debug|Any CPU.ActiveCfg = Debug|Any CPU
		{13448289-2CA2-444B-872D-C584FD510EE0}.Debug|Any CPU.Build.0 = Debug|Any CPU
		{13448289-2CA2-444B-872D-C584FD510EE0}.Release|Any CPU.ActiveCfg = Release|Any CPU
		{13448289-2CA2-444B-872D-C584FD510EE0}.Release|Any CPU.Build.0 = Release|Any CPU
	EndGlobalSection
	GlobalSection(SolutionProperties) = preSolution
		HideSolutionNode = FALSE
	EndGlobalSection
	GlobalSection(ExtensibilityGlobals) = postSolution
		SolutionGuid = {9F478970-F697-4D40-BD05-1B8A15F764B9}
	EndGlobalSection
EndGlobal
