
Microsoft Visual Studio Solution File, Format Version 12.00
# Visual Studio Version 17
VisualStudioVersion = 17.11.35327.3
MinimumVisualStudioVersion = 10.0.40219.1
Project("{FAE04EC0-301F-11D3-BF4B-00C04F79EFBC}") = "Api_Calculadora", "Api_Calculadora\Api_Calculadora.csproj", "{9A092C0D-B987-47D8-A83A-95B25C678531}"
EndProject
Global
	GlobalSection(SolutionConfigurationPlatforms) = preSolution
		Debug|Any CPU = Debug|Any CPU
		Release|Any CPU = Release|Any CPU
	EndGlobalSection
	GlobalSection(ProjectConfigurationPlatforms) = postSolution
		{9A092C0D-B987-47D8-A83A-95B25C678531}.Debug|Any CPU.ActiveCfg = Debug|Any CPU
		{9A092C0D-B987-47D8-A83A-95B25C678531}.Debug|Any CPU.Build.0 = Debug|Any CPU
		{9A092C0D-B987-47D8-A83A-95B25C678531}.Release|Any CPU.ActiveCfg = Release|Any CPU
		{9A092C0D-B987-47D8-A83A-95B25C678531}.Release|Any CPU.Build.0 = Release|Any CPU
	EndGlobalSection
	GlobalSection(SolutionProperties) = preSolution
		HideSolutionNode = FALSE
	EndGlobalSection
	GlobalSection(ExtensibilityGlobals) = postSolution
		SolutionGuid = {6FBB9EC8-4D19-48BF-A6E2-072D6A416480}
	EndGlobalSection
EndGlobal
