
Microsoft Visual Studio Solution File, Format Version 12.00
# Visual Studio Version 17
VisualStudioVersion = 17.11.35208.52
MinimumVisualStudioVersion = 10.0.40219.1
Project("{F184B08F-C81C-45F6-A57F-5ABD9991F28F}") = "Laboratorio10", "Laboratorio10\Laboratorio10.vbproj", "{E4496AEB-F6AC-4A80-8F8B-6B5028C45F03}"
EndProject
Project("{F184B08F-C81C-45F6-A57F-5ABD9991F28F}") = "Laboratorio102", "Laboratorio102\Laboratorio102.vbproj", "{2597324A-A930-4D9A-9BF2-DB8B50754413}"
EndProject
Project("{F184B08F-C81C-45F6-A57F-5ABD9991F28F}") = "Laboratorio103", "Laboratorio103\Laboratorio103.vbproj", "{786F4F5A-9DE1-4D46-9948-EE5A490D843A}"
EndProject
Project("{F184B08F-C81C-45F6-A57F-5ABD9991F28F}") = "Laboratorio104", "Laboratorio104\Laboratorio104.vbproj", "{5B6392F2-FD72-447E-88D3-98BEB5AFE0DE}"
EndProject
Global
	GlobalSection(SolutionConfigurationPlatforms) = preSolution
		Debug|Any CPU = Debug|Any CPU
		Release|Any CPU = Release|Any CPU
	EndGlobalSection
	GlobalSection(ProjectConfigurationPlatforms) = postSolution
		{E4496AEB-F6AC-4A80-8F8B-6B5028C45F03}.Debug|Any CPU.ActiveCfg = Debug|Any CPU
		{E4496AEB-F6AC-4A80-8F8B-6B5028C45F03}.Debug|Any CPU.Build.0 = Debug|Any CPU
		{E4496AEB-F6AC-4A80-8F8B-6B5028C45F03}.Release|Any CPU.ActiveCfg = Release|Any CPU
		{E4496AEB-F6AC-4A80-8F8B-6B5028C45F03}.Release|Any CPU.Build.0 = Release|Any CPU
		{2597324A-A930-4D9A-9BF2-DB8B50754413}.Debug|Any CPU.ActiveCfg = Debug|Any CPU
		{2597324A-A930-4D9A-9BF2-DB8B50754413}.Debug|Any CPU.Build.0 = Debug|Any CPU
		{2597324A-A930-4D9A-9BF2-DB8B50754413}.Release|Any CPU.ActiveCfg = Release|Any CPU
		{2597324A-A930-4D9A-9BF2-DB8B50754413}.Release|Any CPU.Build.0 = Release|Any CPU
		{786F4F5A-9DE1-4D46-9948-EE5A490D843A}.Debug|Any CPU.ActiveCfg = Debug|Any CPU
		{786F4F5A-9DE1-4D46-9948-EE5A490D843A}.Debug|Any CPU.Build.0 = Debug|Any CPU
		{786F4F5A-9DE1-4D46-9948-EE5A490D843A}.Release|Any CPU.ActiveCfg = Release|Any CPU
		{786F4F5A-9DE1-4D46-9948-EE5A490D843A}.Release|Any CPU.Build.0 = Release|Any CPU
		{5B6392F2-FD72-447E-88D3-98BEB5AFE0DE}.Debug|Any CPU.ActiveCfg = Debug|Any CPU
		{5B6392F2-FD72-447E-88D3-98BEB5AFE0DE}.Debug|Any CPU.Build.0 = Debug|Any CPU
		{5B6392F2-FD72-447E-88D3-98BEB5AFE0DE}.Release|Any CPU.ActiveCfg = Release|Any CPU
		{5B6392F2-FD72-447E-88D3-98BEB5AFE0DE}.Release|Any CPU.Build.0 = Release|Any CPU
	EndGlobalSection
	GlobalSection(SolutionProperties) = preSolution
		HideSolutionNode = FALSE
	EndGlobalSection
	GlobalSection(ExtensibilityGlobals) = postSolution
		SolutionGuid = {B49EF507-76A9-4A81-9489-DA011818463B}
	EndGlobalSection
EndGlobal
